// !$*UTF8*$!
{
	archiveVersion = 1;
	classes = {
	};
	objectVersion = 52;
	objects = {

/* Begin PBXBuildFile section */
		04CEE5F425C959AA0094D105 /* Assets.xcassets in Resources */ = {isa = PBXBuildFile; fileRef = 04CEE5F325C959AA0094D105 /* Assets.xcassets */; };
		04CEE60225C959AA0094D105 /* TodoTests.swift in Sources */ = {isa = PBXBuildFile; fileRef = 04CEE60125C959AA0094D105 /* TodoTests.swift */; };
		04CEE60D25C959AA0094D105 /* TodoUITests.swift in Sources */ = {isa = PBXBuildFile; fileRef = 04CEE60C25C959AA0094D105 /* TodoUITests.swift */; };
		04CEE63825C959C30094D105 /* String+FirebasePath.swift in Sources */ = {isa = PBXBuildFile; fileRef = 04CEE61F25C959C30094D105 /* String+FirebasePath.swift */; };
		04CEE63925C959C30094D105 /* Codable+Alamofire.swift in Sources */ = {isa = PBXBuildFile; fileRef = 04CEE62025C959C30094D105 /* Codable+Alamofire.swift */; };
		04CEE63A25C959C30094D105 /* UIViewController+Nib.swift in Sources */ = {isa = PBXBuildFile; fileRef = 04CEE62125C959C30094D105 /* UIViewController+Nib.swift */; };
		04CEE63B25C959C30094D105 /* ApplicationConstants.swift in Sources */ = {isa = PBXBuildFile; fileRef = 04CEE62325C959C30094D105 /* ApplicationConstants.swift */; };
		04CEE63C25C959C30094D105 /* NetworkService+StringPath.swift in Sources */ = {isa = PBXBuildFile; fileRef = 04CEE62625C959C30094D105 /* NetworkService+StringPath.swift */; };
		04CEE63D25C959C30094D105 /* StatusCodes.swift in Sources */ = {isa = PBXBuildFile; fileRef = 04CEE62825C959C30094D105 /* StatusCodes.swift */; };
		04CEE63E25C959C30094D105 /* NetworkService.swift in Sources */ = {isa = PBXBuildFile; fileRef = 04CEE62925C959C30094D105 /* NetworkService.swift */; };
		04CEE63F25C959C30094D105 /* EmptyModel.swift in Sources */ = {isa = PBXBuildFile; fileRef = 04CEE62B25C959C30094D105 /* EmptyModel.swift */; };
		04CEE64025C959C30094D105 /* BaseResponse.swift in Sources */ = {isa = PBXBuildFile; fileRef = 04CEE62C25C959C30094D105 /* BaseResponse.swift */; };
		04CEE64125C959C30094D105 /* BaseConfig.swift in Sources */ = {isa = PBXBuildFile; fileRef = 04CEE62D25C959C30094D105 /* BaseConfig.swift */; };
		04CEE64225C959C30094D105 /* BaseError.swift in Sources */ = {isa = PBXBuildFile; fileRef = 04CEE62E25C959C30094D105 /* BaseError.swift */; };
		04CEE64325C959C30094D105 /* INetworkService.swift in Sources */ = {isa = PBXBuildFile; fileRef = 04CEE63025C959C30094D105 /* INetworkService.swift */; };
		04CEE64425C959C30094D105 /* LaunchScreen.storyboard in Resources */ = {isa = PBXBuildFile; fileRef = 04CEE63225C959C30094D105 /* LaunchScreen.storyboard */; };
		04CEE64525C959C30094D105 /* Main.storyboard in Resources */ = {isa = PBXBuildFile; fileRef = 04CEE63425C959C30094D105 /* Main.storyboard */; };
		04CEE64625C959C30094D105 /* AppDelegate.swift in Sources */ = {isa = PBXBuildFile; fileRef = 04CEE63625C959C30094D105 /* AppDelegate.swift */; };
		04CEE64725C959C30094D105 /* SceneDelegate.swift in Sources */ = {isa = PBXBuildFile; fileRef = 04CEE63725C959C30094D105 /* SceneDelegate.swift */; };
		04CEE65925C959E20094D105 /* AddTaskAlertController.swift in Sources */ = {isa = PBXBuildFile; fileRef = 04CEE65025C959E20094D105 /* AddTaskAlertController.swift */; };
		04CEE65A25C959E20094D105 /* NetworkPath.swift in Sources */ = {isa = PBXBuildFile; fileRef = 04CEE65325C959E20094D105 /* NetworkPath.swift */; };
		04CEE65B25C959E20094D105 /* NetworkManager.swift in Sources */ = {isa = PBXBuildFile; fileRef = 04CEE65425C959E20094D105 /* NetworkManager.swift */; };
		04CEE65C25C959E20094D105 /* NetworkManagerProtocol.swift in Sources */ = {isa = PBXBuildFile; fileRef = 04CEE65625C959E20094D105 /* NetworkManagerProtocol.swift */; };
		04CEE65D25C959E20094D105 /* AddTaskProtocol.swift in Sources */ = {isa = PBXBuildFile; fileRef = 04CEE65825C959E20094D105 /* AddTaskProtocol.swift */; };
		04CEE67625C959E70094D105 /* TodoViewModel.swift in Sources */ = {isa = PBXBuildFile; fileRef = 04CEE66425C959E70094D105 /* TodoViewModel.swift */; };
		04CEE67725C959E70094D105 /* TodoViewModelProtocol.swift in Sources */ = {isa = PBXBuildFile; fileRef = 04CEE66525C959E70094D105 /* TodoViewModelProtocol.swift */; };
		04CEE67825C959E70094D105 /* TodoModel.swift in Sources */ = {isa = PBXBuildFile; fileRef = 04CEE66725C959E70094D105 /* TodoModel.swift */; };
		04CEE67925C959E70094D105 /* TodoTableViewProtocol.swift in Sources */ = {isa = PBXBuildFile; fileRef = 04CEE66A25C959E70094D105 /* TodoTableViewProtocol.swift */; };
		04CEE67A25C959E70094D105 /* TodoDataSource.swift in Sources */ = {isa = PBXBuildFile; fileRef = 04CEE66B25C959E70094D105 /* TodoDataSource.swift */; };
		04CEE67B25C959E70094D105 /* TodoViewController.swift in Sources */ = {isa = PBXBuildFile; fileRef = 04CEE66C25C959E70094D105 /* TodoViewController.swift */; };
		04CEE67C25C959E70094D105 /* TodoViewControllerProtocol.swift in Sources */ = {isa = PBXBuildFile; fileRef = 04CEE66D25C959E70094D105 /* TodoViewControllerProtocol.swift */; };
		04CEE67D25C959E70094D105 /* TodoDetailViewController.xib in Resources */ = {isa = PBXBuildFile; fileRef = 04CEE66F25C959E70094D105 /* TodoDetailViewController.xib */; };
		04CEE67E25C959E70094D105 /* DetailViewProtocol.swift in Sources */ = {isa = PBXBuildFile; fileRef = 04CEE67025C959E70094D105 /* DetailViewProtocol.swift */; };
		04CEE67F25C959E70094D105 /* TodoDetailViewController.swift in Sources */ = {isa = PBXBuildFile; fileRef = 04CEE67125C959E70094D105 /* TodoDetailViewController.swift */; };
		04CEE68025C959E70094D105 /* TodoViewController.xib in Resources */ = {isa = PBXBuildFile; fileRef = 04CEE67225C959E70094D105 /* TodoViewController.xib */; };
		04CEE68125C959E70094D105 /* TodoService.swift in Sources */ = {isa = PBXBuildFile; fileRef = 04CEE67425C959E70094D105 /* TodoService.swift */; };
		04CEE68225C959E70094D105 /* TodoServiceProtocol.swift in Sources */ = {isa = PBXBuildFile; fileRef = 04CEE67525C959E70094D105 /* TodoServiceProtocol.swift */; };
		04CEE69425C95B610094D105 /* Alamofire in Frameworks */ = {isa = PBXBuildFile; productRef = 04CEE69325C95B610094D105 /* Alamofire */; };
		04CEE6A225C95B870094D105 /* TodoServiceMock.swift in Sources */ = {isa = PBXBuildFile; fileRef = 04CEE69B25C95B870094D105 /* TodoServiceMock.swift */; };
		04CEE6A325C95B870094D105 /* TestTodoViewModel.swift in Sources */ = {isa = PBXBuildFile; fileRef = 04CEE69C25C95B870094D105 /* TestTodoViewModel.swift */; };
		04CEE6A425C95B870094D105 /* TodoViewModelMock.swift in Sources */ = {isa = PBXBuildFile; fileRef = 04CEE69D25C95B870094D105 /* TodoViewModelMock.swift */; };
		04CEE6A525C95B870094D105 /* ModelTest.swift in Sources */ = {isa = PBXBuildFile; fileRef = 04CEE69F25C95B870094D105 /* ModelTest.swift */; };
		04CEE6A625C95B870094D105 /* TodoServiceTest.swift in Sources */ = {isa = PBXBuildFile; fileRef = 04CEE6A125C95B870094D105 /* TodoServiceTest.swift */; };
		04CEE6AB25C95B940094D105 /* GetirTodoUITests.swift in Sources */ = {isa = PBXBuildFile; fileRef = 04CEE6AA25C95B940094D105 /* GetirTodoUITests.swift */; };
/* End PBXBuildFile section */

/* Begin PBXContainerItemProxy section */
		04CEE5FE25C959AA0094D105 /* PBXContainerItemProxy */ = {
			isa = PBXContainerItemProxy;
			containerPortal = 04CEE5DF25C959A80094D105 /* Project object */;
			proxyType = 1;
			remoteGlobalIDString = 04CEE5E625C959A80094D105;
			remoteInfo = Todo;
		};
		04CEE60925C959AA0094D105 /* PBXContainerItemProxy */ = {
			isa = PBXContainerItemProxy;
			containerPortal = 04CEE5DF25C959A80094D105 /* Project object */;
			proxyType = 1;
			remoteGlobalIDString = 04CEE5E625C959A80094D105;
			remoteInfo = Todo;
		};
/* End PBXContainerItemProxy section */

/* Begin PBXFileReference section */
		04CEE5E725C959A80094D105 /* Todo.app */ = {isa = PBXFileReference; explicitFileType = wrapper.application; includeInIndex = 0; path = Todo.app; sourceTree = BUILT_PRODUCTS_DIR; };
		04CEE5F325C959AA0094D105 /* Assets.xcassets */ = {isa = PBXFileReference; lastKnownFileType = folder.assetcatalog; path = Assets.xcassets; sourceTree = "<group>"; };
		04CEE5F825C959AA0094D105 /* Info.plist */ = {isa = PBXFileReference; lastKnownFileType = text.plist.xml; path = Info.plist; sourceTree = "<group>"; };
		04CEE5FD25C959AA0094D105 /* TodoTests.xctest */ = {isa = PBXFileReference; explicitFileType = wrapper.cfbundle; includeInIndex = 0; path = TodoTests.xctest; sourceTree = BUILT_PRODUCTS_DIR; };
		04CEE60125C959AA0094D105 /* TodoTests.swift */ = {isa = PBXFileReference; lastKnownFileType = sourcecode.swift; path = TodoTests.swift; sourceTree = "<group>"; };
		04CEE60325C959AA0094D105 /* Info.plist */ = {isa = PBXFileReference; lastKnownFileType = text.plist.xml; path = Info.plist; sourceTree = "<group>"; };
		04CEE60825C959AA0094D105 /* TodoUITests.xctest */ = {isa = PBXFileReference; explicitFileType = wrapper.cfbundle; includeInIndex = 0; path = TodoUITests.xctest; sourceTree = BUILT_PRODUCTS_DIR; };
		04CEE60C25C959AA0094D105 /* TodoUITests.swift */ = {isa = PBXFileReference; lastKnownFileType = sourcecode.swift; path = TodoUITests.swift; sourceTree = "<group>"; };
		04CEE60E25C959AA0094D105 /* Info.plist */ = {isa = PBXFileReference; lastKnownFileType = text.plist.xml; path = Info.plist; sourceTree = "<group>"; };
		04CEE61F25C959C30094D105 /* String+FirebasePath.swift */ = {isa = PBXFileReference; fileEncoding = 4; lastKnownFileType = sourcecode.swift; path = "String+FirebasePath.swift"; sourceTree = "<group>"; };
		04CEE62025C959C30094D105 /* Codable+Alamofire.swift */ = {isa = PBXFileReference; fileEncoding = 4; lastKnownFileType = sourcecode.swift; path = "Codable+Alamofire.swift"; sourceTree = "<group>"; };
		04CEE62125C959C30094D105 /* UIViewController+Nib.swift */ = {isa = PBXFileReference; fileEncoding = 4; lastKnownFileType = sourcecode.swift; path = "UIViewController+Nib.swift"; sourceTree = "<group>"; };
		04CEE62325C959C30094D105 /* ApplicationConstants.swift */ = {isa = PBXFileReference; fileEncoding = 4; lastKnownFileType = sourcecode.swift; path = ApplicationConstants.swift; sourceTree = "<group>"; };
		04CEE62625C959C30094D105 /* NetworkService+StringPath.swift */ = {isa = PBXFileReference; fileEncoding = 4; lastKnownFileType = sourcecode.swift; path = "NetworkService+StringPath.swift"; sourceTree = "<group>"; };
		04CEE62825C959C30094D105 /* StatusCodes.swift */ = {isa = PBXFileReference; fileEncoding = 4; lastKnownFileType = sourcecode.swift; path = StatusCodes.swift; sourceTree = "<group>"; };
		04CEE62925C959C30094D105 /* NetworkService.swift */ = {isa = PBXFileReference; fileEncoding = 4; lastKnownFileType = sourcecode.swift; path = NetworkService.swift; sourceTree = "<group>"; };
		04CEE62B25C959C30094D105 /* EmptyModel.swift */ = {isa = PBXFileReference; fileEncoding = 4; lastKnownFileType = sourcecode.swift; path = EmptyModel.swift; sourceTree = "<group>"; };
		04CEE62C25C959C30094D105 /* BaseResponse.swift */ = {isa = PBXFileReference; fileEncoding = 4; lastKnownFileType = sourcecode.swift; path = BaseResponse.swift; sourceTree = "<group>"; };
		04CEE62D25C959C30094D105 /* BaseConfig.swift */ = {isa = PBXFileReference; fileEncoding = 4; lastKnownFileType = sourcecode.swift; path = BaseConfig.swift; sourceTree = "<group>"; };
		04CEE62E25C959C30094D105 /* BaseError.swift */ = {isa = PBXFileReference; fileEncoding = 4; lastKnownFileType = sourcecode.swift; path = BaseError.swift; sourceTree = "<group>"; };
		04CEE63025C959C30094D105 /* INetworkService.swift */ = {isa = PBXFileReference; fileEncoding = 4; lastKnownFileType = sourcecode.swift; path = INetworkService.swift; sourceTree = "<group>"; };
		04CEE63325C959C30094D105 /* Base */ = {isa = PBXFileReference; lastKnownFileType = file.storyboard; name = Base; path = Base.lproj/LaunchScreen.storyboard; sourceTree = "<group>"; };
		04CEE63525C959C30094D105 /* Base */ = {isa = PBXFileReference; lastKnownFileType = file.storyboard; name = Base; path = Base.lproj/Main.storyboard; sourceTree = "<group>"; };
		04CEE63625C959C30094D105 /* AppDelegate.swift */ = {isa = PBXFileReference; fileEncoding = 4; lastKnownFileType = sourcecode.swift; path = AppDelegate.swift; sourceTree = "<group>"; };
		04CEE63725C959C30094D105 /* SceneDelegate.swift */ = {isa = PBXFileReference; fileEncoding = 4; lastKnownFileType = sourcecode.swift; path = SceneDelegate.swift; sourceTree = "<group>"; };
		04CEE65025C959E20094D105 /* AddTaskAlertController.swift */ = {isa = PBXFileReference; fileEncoding = 4; lastKnownFileType = sourcecode.swift; path = AddTaskAlertController.swift; sourceTree = "<group>"; };
		04CEE65325C959E20094D105 /* NetworkPath.swift */ = {isa = PBXFileReference; fileEncoding = 4; lastKnownFileType = sourcecode.swift; path = NetworkPath.swift; sourceTree = "<group>"; };
		04CEE65425C959E20094D105 /* NetworkManager.swift */ = {isa = PBXFileReference; fileEncoding = 4; lastKnownFileType = sourcecode.swift; path = NetworkManager.swift; sourceTree = "<group>"; };
		04CEE65625C959E20094D105 /* NetworkManagerProtocol.swift */ = {isa = PBXFileReference; fileEncoding = 4; lastKnownFileType = sourcecode.swift; path = NetworkManagerProtocol.swift; sourceTree = "<group>"; };
		04CEE65825C959E20094D105 /* AddTaskProtocol.swift */ = {isa = PBXFileReference; fileEncoding = 4; lastKnownFileType = sourcecode.swift; path = AddTaskProtocol.swift; sourceTree = "<group>"; };
		04CEE66425C959E70094D105 /* TodoViewModel.swift */ = {isa = PBXFileReference; fileEncoding = 4; lastKnownFileType = sourcecode.swift; path = TodoViewModel.swift; sourceTree = "<group>"; };
		04CEE66525C959E70094D105 /* TodoViewModelProtocol.swift */ = {isa = PBXFileReference; fileEncoding = 4; lastKnownFileType = sourcecode.swift; path = TodoViewModelProtocol.swift; sourceTree = "<group>"; };
		04CEE66725C959E70094D105 /* TodoModel.swift */ = {isa = PBXFileReference; fileEncoding = 4; lastKnownFileType = sourcecode.swift; path = TodoModel.swift; sourceTree = "<group>"; };
		04CEE66A25C959E70094D105 /* TodoTableViewProtocol.swift */ = {isa = PBXFileReference; fileEncoding = 4; lastKnownFileType = sourcecode.swift; path = TodoTableViewProtocol.swift; sourceTree = "<group>"; };
		04CEE66B25C959E70094D105 /* TodoDataSource.swift */ = {isa = PBXFileReference; fileEncoding = 4; lastKnownFileType = sourcecode.swift; path = TodoDataSource.swift; sourceTree = "<group>"; };
		04CEE66C25C959E70094D105 /* TodoViewController.swift */ = {isa = PBXFileReference; fileEncoding = 4; lastKnownFileType = sourcecode.swift; path = TodoViewController.swift; sourceTree = "<group>"; };
		04CEE66D25C959E70094D105 /* TodoViewControllerProtocol.swift */ = {isa = PBXFileReference; fileEncoding = 4; lastKnownFileType = sourcecode.swift; path = TodoViewControllerProtocol.swift; sourceTree = "<group>"; };
		04CEE66F25C959E70094D105 /* TodoDetailViewController.xib */ = {isa = PBXFileReference; fileEncoding = 4; lastKnownFileType = file.xib; path = TodoDetailViewController.xib; sourceTree = "<group>"; };
		04CEE67025C959E70094D105 /* DetailViewProtocol.swift */ = {isa = PBXFileReference; fileEncoding = 4; lastKnownFileType = sourcecode.swift; path = DetailViewProtocol.swift; sourceTree = "<group>"; };
		04CEE67125C959E70094D105 /* TodoDetailViewController.swift */ = {isa = PBXFileReference; fileEncoding = 4; lastKnownFileType = sourcecode.swift; path = TodoDetailViewController.swift; sourceTree = "<group>"; };
		04CEE67225C959E70094D105 /* TodoViewController.xib */ = {isa = PBXFileReference; fileEncoding = 4; lastKnownFileType = file.xib; path = TodoViewController.xib; sourceTree = "<group>"; };
		04CEE67425C959E70094D105 /* TodoService.swift */ = {isa = PBXFileReference; fileEncoding = 4; lastKnownFileType = sourcecode.swift; path = TodoService.swift; sourceTree = "<group>"; };
		04CEE67525C959E70094D105 /* TodoServiceProtocol.swift */ = {isa = PBXFileReference; fileEncoding = 4; lastKnownFileType = sourcecode.swift; path = TodoServiceProtocol.swift; sourceTree = "<group>"; };
		04CEE69B25C95B870094D105 /* TodoServiceMock.swift */ = {isa = PBXFileReference; fileEncoding = 4; lastKnownFileType = sourcecode.swift; path = TodoServiceMock.swift; sourceTree = "<group>"; };
		04CEE69C25C95B870094D105 /* TestTodoViewModel.swift */ = {isa = PBXFileReference; fileEncoding = 4; lastKnownFileType = sourcecode.swift; path = TestTodoViewModel.swift; sourceTree = "<group>"; };
		04CEE69D25C95B870094D105 /* TodoViewModelMock.swift */ = {isa = PBXFileReference; fileEncoding = 4; lastKnownFileType = sourcecode.swift; path = TodoViewModelMock.swift; sourceTree = "<group>"; };
		04CEE69F25C95B870094D105 /* ModelTest.swift */ = {isa = PBXFileReference; fileEncoding = 4; lastKnownFileType = sourcecode.swift; path = ModelTest.swift; sourceTree = "<group>"; };
		04CEE6A125C95B870094D105 /* TodoServiceTest.swift */ = {isa = PBXFileReference; fileEncoding = 4; lastKnownFileType = sourcecode.swift; path = TodoServiceTest.swift; sourceTree = "<group>"; };
		04CEE6AA25C95B940094D105 /* GetirTodoUITests.swift */ = {isa = PBXFileReference; fileEncoding = 4; lastKnownFileType = sourcecode.swift; path = GetirTodoUITests.swift; sourceTree = "<group>"; };
/* End PBXFileReference section */

/* Begin PBXFrameworksBuildPhase section */
		04CEE5E425C959A80094D105 /* Frameworks */ = {
			isa = PBXFrameworksBuildPhase;
			buildActionMask = 2147483647;
			files = (
				04CEE69425C95B610094D105 /* Alamofire in Frameworks */,
			);
			runOnlyForDeploymentPostprocessing = 0;
		};
		04CEE5FA25C959AA0094D105 /* Frameworks */ = {
			isa = PBXFrameworksBuildPhase;
			buildActionMask = 2147483647;
			files = (
			);
			runOnlyForDeploymentPostprocessing = 0;
		};
		04CEE60525C959AA0094D105 /* Frameworks */ = {
			isa = PBXFrameworksBuildPhase;
			buildActionMask = 2147483647;
			files = (
			);
			runOnlyForDeploymentPostprocessing = 0;
		};
/* End PBXFrameworksBuildPhase section */

/* Begin PBXGroup section */
		04CEE5DE25C959A80094D105 = {
			isa = PBXGroup;
			children = (
				04CEE5E925C959A80094D105 /* Todo */,
				04CEE60025C959AA0094D105 /* TodoTests */,
				04CEE60B25C959AA0094D105 /* TodoUITests */,
				04CEE5E825C959A80094D105 /* Products */,
			);
			sourceTree = "<group>";
		};
		04CEE5E825C959A80094D105 /* Products */ = {
			isa = PBXGroup;
			children = (
				04CEE5E725C959A80094D105 /* Todo.app */,
				04CEE5FD25C959AA0094D105 /* TodoTests.xctest */,
				04CEE60825C959AA0094D105 /* TodoUITests.xctest */,
			);
			name = Products;
			sourceTree = "<group>";
		};
		04CEE5E925C959A80094D105 /* Todo */ = {
			isa = PBXGroup;
			children = (
				04CEE66125C959E70094D105 /* Features */,
				04CEE64E25C959E20094D105 /* Product */,
				04CEE61D25C959C30094D105 /* Core */,
				04CEE5F325C959AA0094D105 /* Assets.xcassets */,
				04CEE5F825C959AA0094D105 /* Info.plist */,
			);
			path = Todo;
			sourceTree = "<group>";
		};
		04CEE60025C959AA0094D105 /* TodoTests */ = {
			isa = PBXGroup;
			children = (
				04CEE69825C95B870094D105 /* Application */,
				04CEE6A025C95B870094D105 /* Service */,
				04CEE60125C959AA0094D105 /* TodoTests.swift */,
				04CEE60325C959AA0094D105 /* Info.plist */,
			);
			path = TodoTests;
			sourceTree = "<group>";
		};
		04CEE60B25C959AA0094D105 /* TodoUITests */ = {
			isa = PBXGroup;
			children = (
				04CEE6AA25C95B940094D105 /* GetirTodoUITests.swift */,
				04CEE60C25C959AA0094D105 /* TodoUITests.swift */,
				04CEE60E25C959AA0094D105 /* Info.plist */,
			);
			path = TodoUITests;
			sourceTree = "<group>";
		};
		04CEE61D25C959C30094D105 /* Core */ = {
			isa = PBXGroup;
			children = (
				04CEE61E25C959C30094D105 /* Extension */,
				04CEE62225C959C30094D105 /* Constants */,
				04CEE62425C959C30094D105 /* Network */,
				04CEE63125C959C30094D105 /* Application */,
			);
			path = Core;
			sourceTree = "<group>";
		};
		04CEE61E25C959C30094D105 /* Extension */ = {
			isa = PBXGroup;
			children = (
				04CEE61F25C959C30094D105 /* String+FirebasePath.swift */,
				04CEE62025C959C30094D105 /* Codable+Alamofire.swift */,
				04CEE62125C959C30094D105 /* UIViewController+Nib.swift */,
			);
			path = Extension;
			sourceTree = "<group>";
		};
		04CEE62225C959C30094D105 /* Constants */ = {
			isa = PBXGroup;
			children = (
				04CEE62325C959C30094D105 /* ApplicationConstants.swift */,
			);
			path = Constants;
			sourceTree = "<group>";
		};
		04CEE62425C959C30094D105 /* Network */ = {
			isa = PBXGroup;
			children = (
				04CEE62525C959C30094D105 /* Extension */,
				04CEE62725C959C30094D105 /* Enums */,
				04CEE62925C959C30094D105 /* NetworkService.swift */,
				04CEE62A25C959C30094D105 /* Model */,
				04CEE62F25C959C30094D105 /* Protocols */,
			);
			path = Network;
			sourceTree = "<group>";
		};
		04CEE62525C959C30094D105 /* Extension */ = {
			isa = PBXGroup;
			children = (
				04CEE62625C959C30094D105 /* NetworkService+StringPath.swift */,
			);
			path = Extension;
			sourceTree = "<group>";
		};
		04CEE62725C959C30094D105 /* Enums */ = {
			isa = PBXGroup;
			children = (
				04CEE62825C959C30094D105 /* StatusCodes.swift */,
			);
			path = Enums;
			sourceTree = "<group>";
		};
		04CEE62A25C959C30094D105 /* Model */ = {
			isa = PBXGroup;
			children = (
				04CEE62B25C959C30094D105 /* EmptyModel.swift */,
				04CEE62C25C959C30094D105 /* BaseResponse.swift */,
				04CEE62D25C959C30094D105 /* BaseConfig.swift */,
				04CEE62E25C959C30094D105 /* BaseError.swift */,
			);
			path = Model;
			sourceTree = "<group>";
		};
		04CEE62F25C959C30094D105 /* Protocols */ = {
			isa = PBXGroup;
			children = (
				04CEE63025C959C30094D105 /* INetworkService.swift */,
			);
			path = Protocols;
			sourceTree = "<group>";
		};
		04CEE63125C959C30094D105 /* Application */ = {
			isa = PBXGroup;
			children = (
				04CEE63225C959C30094D105 /* LaunchScreen.storyboard */,
				04CEE63425C959C30094D105 /* Main.storyboard */,
				04CEE63625C959C30094D105 /* AppDelegate.swift */,
				04CEE63725C959C30094D105 /* SceneDelegate.swift */,
			);
			path = Application;
			sourceTree = "<group>";
		};
		04CEE64E25C959E20094D105 /* Product */ = {
			isa = PBXGroup;
			children = (
				04CEE64F25C959E20094D105 /* Widget */,
				04CEE65125C959E20094D105 /* Network */,
				04CEE65725C959E20094D105 /* Protocol */,
			);
			path = Product;
			sourceTree = "<group>";
		};
		04CEE64F25C959E20094D105 /* Widget */ = {
			isa = PBXGroup;
			children = (
				04CEE65025C959E20094D105 /* AddTaskAlertController.swift */,
			);
			path = Widget;
			sourceTree = "<group>";
		};
		04CEE65125C959E20094D105 /* Network */ = {
			isa = PBXGroup;
			children = (
				04CEE65225C959E20094D105 /* Enums */,
				04CEE65425C959E20094D105 /* NetworkManager.swift */,
				04CEE65525C959E20094D105 /* Protocol */,
			);
			path = Network;
			sourceTree = "<group>";
		};
		04CEE65225C959E20094D105 /* Enums */ = {
			isa = PBXGroup;
			children = (
				04CEE65325C959E20094D105 /* NetworkPath.swift */,
			);
			path = Enums;
			sourceTree = "<group>";
		};
		04CEE65525C959E20094D105 /* Protocol */ = {
			isa = PBXGroup;
			children = (
				04CEE65625C959E20094D105 /* NetworkManagerProtocol.swift */,
			);
			path = Protocol;
			sourceTree = "<group>";
		};
		04CEE65725C959E20094D105 /* Protocol */ = {
			isa = PBXGroup;
			children = (
				04CEE65825C959E20094D105 /* AddTaskProtocol.swift */,
			);
			path = Protocol;
			sourceTree = "<group>";
		};
		04CEE66125C959E70094D105 /* Features */ = {
			isa = PBXGroup;
			children = (
				04CEE66225C959E70094D105 /* ToDo */,
			);
			path = Features;
			sourceTree = "<group>";
		};
		04CEE66225C959E70094D105 /* ToDo */ = {
			isa = PBXGroup;
			children = (
				04CEE66325C959E70094D105 /* ViewModel */,
				04CEE66625C959E70094D105 /* Model */,
				04CEE66825C959E70094D105 /* View */,
				04CEE67325C959E70094D105 /* Service */,
			);
			path = ToDo;
			sourceTree = "<group>";
		};
		04CEE66325C959E70094D105 /* ViewModel */ = {
			isa = PBXGroup;
			children = (
				04CEE66425C959E70094D105 /* TodoViewModel.swift */,
				04CEE66525C959E70094D105 /* TodoViewModelProtocol.swift */,
			);
			path = ViewModel;
			sourceTree = "<group>";
		};
		04CEE66625C959E70094D105 /* Model */ = {
			isa = PBXGroup;
			children = (
				04CEE66725C959E70094D105 /* TodoModel.swift */,
			);
			path = Model;
			sourceTree = "<group>";
		};
		04CEE66825C959E70094D105 /* View */ = {
			isa = PBXGroup;
			children = (
				04CEE66925C959E70094D105 /* TableView */,
				04CEE66C25C959E70094D105 /* TodoViewController.swift */,
				04CEE66D25C959E70094D105 /* TodoViewControllerProtocol.swift */,
				04CEE66E25C959E70094D105 /* Detail */,
				04CEE67225C959E70094D105 /* TodoViewController.xib */,
			);
			path = View;
			sourceTree = "<group>";
		};
		04CEE66925C959E70094D105 /* TableView */ = {
			isa = PBXGroup;
			children = (
				04CEE66A25C959E70094D105 /* TodoTableViewProtocol.swift */,
				04CEE66B25C959E70094D105 /* TodoDataSource.swift */,
			);
			path = TableView;
			sourceTree = "<group>";
		};
		04CEE66E25C959E70094D105 /* Detail */ = {
			isa = PBXGroup;
			children = (
				04CEE66F25C959E70094D105 /* TodoDetailViewController.xib */,
				04CEE67025C959E70094D105 /* DetailViewProtocol.swift */,
				04CEE67125C959E70094D105 /* TodoDetailViewController.swift */,
			);
			path = Detail;
			sourceTree = "<group>";
		};
		04CEE67325C959E70094D105 /* Service */ = {
			isa = PBXGroup;
			children = (
				04CEE67425C959E70094D105 /* TodoService.swift */,
				04CEE67525C959E70094D105 /* TodoServiceProtocol.swift */,
			);
			path = Service;
			sourceTree = "<group>";
		};
		04CEE69825C95B870094D105 /* Application */ = {
			isa = PBXGroup;
			children = (
				04CEE69925C95B870094D105 /* Feautre */,
				04CEE69E25C95B870094D105 /* Network */,
			);
			path = Application;
			sourceTree = "<group>";
		};
		04CEE69925C95B870094D105 /* Feautre */ = {
			isa = PBXGroup;
			children = (
				04CEE69A25C95B870094D105 /* Todo */,
			);
			path = Feautre;
			sourceTree = "<group>";
		};
		04CEE69A25C95B870094D105 /* Todo */ = {
			isa = PBXGroup;
			children = (
				04CEE69B25C95B870094D105 /* TodoServiceMock.swift */,
				04CEE69C25C95B870094D105 /* TestTodoViewModel.swift */,
				04CEE69D25C95B870094D105 /* TodoViewModelMock.swift */,
			);
			path = Todo;
			sourceTree = "<group>";
		};
		04CEE69E25C95B870094D105 /* Network */ = {
			isa = PBXGroup;
			children = (
				04CEE69F25C95B870094D105 /* ModelTest.swift */,
			);
			path = Network;
			sourceTree = "<group>";
		};
		04CEE6A025C95B870094D105 /* Service */ = {
			isa = PBXGroup;
			children = (
				04CEE6A125C95B870094D105 /* TodoServiceTest.swift */,
			);
			path = Service;
			sourceTree = "<group>";
		};
/* End PBXGroup section */

/* Begin PBXNativeTarget section */
		04CEE5E625C959A80094D105 /* Todo */ = {
			isa = PBXNativeTarget;
			buildConfigurationList = 04CEE61125C959AA0094D105 /* Build configuration list for PBXNativeTarget "Todo" */;
			buildPhases = (
				04CEE5E325C959A80094D105 /* Sources */,
				04CEE5E425C959A80094D105 /* Frameworks */,
				04CEE5E525C959A80094D105 /* Resources */,
			);
			buildRules = (
			);
			dependencies = (
			);
			name = Todo;
			packageProductDependencies = (
				04CEE69325C95B610094D105 /* Alamofire */,
			);
			productName = Todo;
			productReference = 04CEE5E725C959A80094D105 /* Todo.app */;
			productType = "com.apple.product-type.application";
		};
		04CEE5FC25C959AA0094D105 /* TodoTests */ = {
			isa = PBXNativeTarget;
			buildConfigurationList = 04CEE61425C959AA0094D105 /* Build configuration list for PBXNativeTarget "TodoTests" */;
			buildPhases = (
				04CEE5F925C959AA0094D105 /* Sources */,
				04CEE5FA25C959AA0094D105 /* Frameworks */,
				04CEE5FB25C959AA0094D105 /* Resources */,
			);
			buildRules = (
			);
			dependencies = (
				04CEE5FF25C959AA0094D105 /* PBXTargetDependency */,
			);
			name = TodoTests;
			productName = TodoTests;
			productReference = 04CEE5FD25C959AA0094D105 /* TodoTests.xctest */;
			productType = "com.apple.product-type.bundle.unit-test";
		};
		04CEE60725C959AA0094D105 /* TodoUITests */ = {
			isa = PBXNativeTarget;
			buildConfigurationList = 04CEE61725C959AA0094D105 /* Build configuration list for PBXNativeTarget "TodoUITests" */;
			buildPhases = (
				04CEE60425C959AA0094D105 /* Sources */,
				04CEE60525C959AA0094D105 /* Frameworks */,
				04CEE60625C959AA0094D105 /* Resources */,
			);
			buildRules = (
			);
			dependencies = (
				04CEE60A25C959AA0094D105 /* PBXTargetDependency */,
			);
			name = TodoUITests;
			productName = TodoUITests;
			productReference = 04CEE60825C959AA0094D105 /* TodoUITests.xctest */;
			productType = "com.apple.product-type.bundle.ui-testing";
		};
/* End PBXNativeTarget section */

/* Begin PBXProject section */
		04CEE5DF25C959A80094D105 /* Project object */ = {
			isa = PBXProject;
			attributes = {
				LastSwiftUpdateCheck = 1240;
				LastUpgradeCheck = 1240;
				TargetAttributes = {
					04CEE5E625C959A80094D105 = {
						CreatedOnToolsVersion = 12.4;
					};
					04CEE5FC25C959AA0094D105 = {
						CreatedOnToolsVersion = 12.4;
						TestTargetID = 04CEE5E625C959A80094D105;
					};
					04CEE60725C959AA0094D105 = {
						CreatedOnToolsVersion = 12.4;
						TestTargetID = 04CEE5E625C959A80094D105;
					};
				};
			};
			buildConfigurationList = 04CEE5E225C959A80094D105 /* Build configuration list for PBXProject "Todo" */;
			compatibilityVersion = "Xcode 9.3";
			developmentRegion = en;
			hasScannedForEncodings = 0;
			knownRegions = (
				en,
				Base,
			);
			mainGroup = 04CEE5DE25C959A80094D105;
			packageReferences = (
				04CEE69225C95B610094D105 /* XCRemoteSwiftPackageReference "Alamofire" */,
			);
			productRefGroup = 04CEE5E825C959A80094D105 /* Products */;
			projectDirPath = "";
			projectRoot = "";
			targets = (
				04CEE5E625C959A80094D105 /* Todo */,
				04CEE5FC25C959AA0094D105 /* TodoTests */,
				04CEE60725C959AA0094D105 /* TodoUITests */,
			);
		};
/* End PBXProject section */

/* Begin PBXResourcesBuildPhase section */
		04CEE5E525C959A80094D105 /* Resources */ = {
			isa = PBXResourcesBuildPhase;
			buildActionMask = 2147483647;
			files = (
				04CEE64525C959C30094D105 /* Main.storyboard in Resources */,
				04CEE68025C959E70094D105 /* TodoViewController.xib in Resources */,
				04CEE64425C959C30094D105 /* LaunchScreen.storyboard in Resources */,
				04CEE67D25C959E70094D105 /* TodoDetailViewController.xib in Resources */,
				04CEE5F425C959AA0094D105 /* Assets.xcassets in Resources */,
			);
			runOnlyForDeploymentPostprocessing = 0;
		};
		04CEE5FB25C959AA0094D105 /* Resources */ = {
			isa = PBXResourcesBuildPhase;
			buildActionMask = 2147483647;
			files = (
			);
			runOnlyForDeploymentPostprocessing = 0;
		};
		04CEE60625C959AA0094D105 /* Resources */ = {
			isa = PBXResourcesBuildPhase;
			buildActionMask = 2147483647;
			files = (
			);
			runOnlyForDeploymentPostprocessing = 0;
		};
/* End PBXResourcesBuildPhase section */

/* Begin PBXSourcesBuildPhase section */
		04CEE5E325C959A80094D105 /* Sources */ = {
			isa = PBXSourcesBuildPhase;
			buildActionMask = 2147483647;
			files = (
				04CEE67A25C959E70094D105 /* TodoDataSource.swift in Sources */,
				04CEE65B25C959E20094D105 /* NetworkManager.swift in Sources */,
				04CEE68225C959E70094D105 /* TodoServiceProtocol.swift in Sources */,
				04CEE63E25C959C30094D105 /* NetworkService.swift in Sources */,
				04CEE68125C959E70094D105 /* TodoService.swift in Sources */,
				04CEE63825C959C30094D105 /* String+FirebasePath.swift in Sources */,
				04CEE65A25C959E20094D105 /* NetworkPath.swift in Sources */,
				04CEE67725C959E70094D105 /* TodoViewModelProtocol.swift in Sources */,
				04CEE67B25C959E70094D105 /* TodoViewController.swift in Sources */,
				04CEE63925C959C30094D105 /* Codable+Alamofire.swift in Sources */,
				04CEE64025C959C30094D105 /* BaseResponse.swift in Sources */,
				04CEE63D25C959C30094D105 /* StatusCodes.swift in Sources */,
				04CEE64325C959C30094D105 /* INetworkService.swift in Sources */,
				04CEE67925C959E70094D105 /* TodoTableViewProtocol.swift in Sources */,
				04CEE64125C959C30094D105 /* BaseConfig.swift in Sources */,
				04CEE64725C959C30094D105 /* SceneDelegate.swift in Sources */,
				04CEE67E25C959E70094D105 /* DetailViewProtocol.swift in Sources */,
				04CEE67825C959E70094D105 /* TodoModel.swift in Sources */,
				04CEE64625C959C30094D105 /* AppDelegate.swift in Sources */,
				04CEE67625C959E70094D105 /* TodoViewModel.swift in Sources */,
				04CEE63F25C959C30094D105 /* EmptyModel.swift in Sources */,
				04CEE63C25C959C30094D105 /* NetworkService+StringPath.swift in Sources */,
				04CEE63A25C959C30094D105 /* UIViewController+Nib.swift in Sources */,
				04CEE65C25C959E20094D105 /* NetworkManagerProtocol.swift in Sources */,
				04CEE67F25C959E70094D105 /* TodoDetailViewController.swift in Sources */,
				04CEE67C25C959E70094D105 /* TodoViewControllerProtocol.swift in Sources */,
				04CEE63B25C959C30094D105 /* ApplicationConstants.swift in Sources */,
				04CEE64225C959C30094D105 /* BaseError.swift in Sources */,
				04CEE65D25C959E20094D105 /* AddTaskProtocol.swift in Sources */,
				04CEE65925C959E20094D105 /* AddTaskAlertController.swift in Sources */,
			);
			runOnlyForDeploymentPostprocessing = 0;
		};
		04CEE5F925C959AA0094D105 /* Sources */ = {
			isa = PBXSourcesBuildPhase;
			buildActionMask = 2147483647;
			files = (
				04CEE60225C959AA0094D105 /* TodoTests.swift in Sources */,
			);
			runOnlyForDeploymentPostprocessing = 0;
		};
		04CEE60425C959AA0094D105 /* Sources */ = {
			isa = PBXSourcesBuildPhase;
			buildActionMask = 2147483647;
			files = (
				04CEE60D25C959AA0094D105 /* TodoUITests.swift in Sources */,
				04CEE6A225C95B870094D105 /* TodoServiceMock.swift in Sources */,
				04CEE6AB25C95B940094D105 /* GetirTodoUITests.swift in Sources */,
				04CEE6A425C95B870094D105 /* TodoViewModelMock.swift in Sources */,
				04CEE6A625C95B870094D105 /* TodoServiceTest.swift in Sources */,
				04CEE6A325C95B870094D105 /* TestTodoViewModel.swift in Sources */,
				04CEE6A525C95B870094D105 /* ModelTest.swift in Sources */,
			);
			runOnlyForDeploymentPostprocessing = 0;
		};
/* End PBXSourcesBuildPhase section */

/* Begin PBXTargetDependency section */
		04CEE5FF25C959AA0094D105 /* PBXTargetDependency */ = {
			isa = PBXTargetDependency;
			target = 04CEE5E625C959A80094D105 /* Todo */;
			targetProxy = 04CEE5FE25C959AA0094D105 /* PBXContainerItemProxy */;
		};
		04CEE60A25C959AA0094D105 /* PBXTargetDependency */ = {
			isa = PBXTargetDependency;
			target = 04CEE5E625C959A80094D105 /* Todo */;
			targetProxy = 04CEE60925C959AA0094D105 /* PBXContainerItemProxy */;
		};
/* End PBXTargetDependency section */

/* Begin PBXVariantGroup section */
		04CEE63225C959C30094D105 /* LaunchScreen.storyboard */ = {
			isa = PBXVariantGroup;
			children = (
				04CEE63325C959C30094D105 /* Base */,
			);
			name = LaunchScreen.storyboard;
			sourceTree = "<group>";
		};
		04CEE63425C959C30094D105 /* Main.storyboard */ = {
			isa = PBXVariantGroup;
			children = (
				04CEE63525C959C30094D105 /* Base */,
			);
			name = Main.storyboard;
			sourceTree = "<group>";
		};
/* End PBXVariantGroup section */

/* Begin XCBuildConfiguration section */
		04CEE60F25C959AA0094D105 /* Debug */ = {
			isa = XCBuildConfiguration;
			buildSettings = {
				ALWAYS_SEARCH_USER_PATHS = NO;
				CLANG_ANALYZER_NONNULL = YES;
				CLANG_ANALYZER_NUMBER_OBJECT_CONVERSION = YES_AGGRESSIVE;
				CLANG_CXX_LANGUAGE_STANDARD = "gnu++14";
				CLANG_CXX_LIBRARY = "libc++";
				CLANG_ENABLE_MODULES = YES;
				CLANG_ENABLE_OBJC_ARC = YES;
				CLANG_ENABLE_OBJC_WEAK = YES;
				CLANG_WARN_BLOCK_CAPTURE_AUTORELEASING = YES;
				CLANG_WARN_BOOL_CONVERSION = YES;
				CLANG_WARN_COMMA = YES;
				CLANG_WARN_CONSTANT_CONVERSION = YES;
				CLANG_WARN_DEPRECATED_OBJC_IMPLEMENTATIONS = YES;
				CLANG_WARN_DIRECT_OBJC_ISA_USAGE = YES_ERROR;
				CLANG_WARN_DOCUMENTATION_COMMENTS = YES;
				CLANG_WARN_EMPTY_BODY = YES;
				CLANG_WARN_ENUM_CONVERSION = YES;
				CLANG_WARN_INFINITE_RECURSION = YES;
				CLANG_WARN_INT_CONVERSION = YES;
				CLANG_WARN_NON_LITERAL_NULL_CONVERSION = YES;
				CLANG_WARN_OBJC_IMPLICIT_RETAIN_SELF = YES;
				CLANG_WARN_OBJC_LITERAL_CONVERSION = YES;
				CLANG_WARN_OBJC_ROOT_CLASS = YES_ERROR;
				CLANG_WARN_QUOTED_INCLUDE_IN_FRAMEWORK_HEADER = YES;
				CLANG_WARN_RANGE_LOOP_ANALYSIS = YES;
				CLANG_WARN_STRICT_PROTOTYPES = YES;
				CLANG_WARN_SUSPICIOUS_MOVE = YES;
				CLANG_WARN_UNGUARDED_AVAILABILITY = YES_AGGRESSIVE;
				CLANG_WARN_UNREACHABLE_CODE = YES;
				CLANG_WARN__DUPLICATE_METHOD_MATCH = YES;
				COPY_PHASE_STRIP = NO;
				DEBUG_INFORMATION_FORMAT = dwarf;
				ENABLE_STRICT_OBJC_MSGSEND = YES;
				ENABLE_TESTABILITY = YES;
				GCC_C_LANGUAGE_STANDARD = gnu11;
				GCC_DYNAMIC_NO_PIC = NO;
				GCC_NO_COMMON_BLOCKS = YES;
				GCC_OPTIMIZATION_LEVEL = 0;
				GCC_PREPROCESSOR_DEFINITIONS = (
					"DEBUG=1",
					"$(inherited)",
				);
				GCC_WARN_64_TO_32_BIT_CONVERSION = YES;
				GCC_WARN_ABOUT_RETURN_TYPE = YES_ERROR;
				GCC_WARN_UNDECLARED_SELECTOR = YES;
				GCC_WARN_UNINITIALIZED_AUTOS = YES_AGGRESSIVE;
				GCC_WARN_UNUSED_FUNCTION = YES;
				GCC_WARN_UNUSED_VARIABLE = YES;
				IPHONEOS_DEPLOYMENT_TARGET = 14.4;
				MTL_ENABLE_DEBUG_INFO = INCLUDE_SOURCE;
				MTL_FAST_MATH = YES;
				ONLY_ACTIVE_ARCH = YES;
				SDKROOT = iphoneos;
				SWIFT_ACTIVE_COMPILATION_CONDITIONS = DEBUG;
				SWIFT_OPTIMIZATION_LEVEL = "-Onone";
			};
			name = Debug;
		};
		04CEE61025C959AA0094D105 /* Release */ = {
			isa = XCBuildConfiguration;
			buildSettings = {
				ALWAYS_SEARCH_USER_PATHS = NO;
				CLANG_ANALYZER_NONNULL = YES;
				CLANG_ANALYZER_NUMBER_OBJECT_CONVERSION = YES_AGGRESSIVE;
				CLANG_CXX_LANGUAGE_STANDARD = "gnu++14";
				CLANG_CXX_LIBRARY = "libc++";
				CLANG_ENABLE_MODULES = YES;
				CLANG_ENABLE_OBJC_ARC = YES;
				CLANG_ENABLE_OBJC_WEAK = YES;
				CLANG_WARN_BLOCK_CAPTURE_AUTORELEASING = YES;
				CLANG_WARN_BOOL_CONVERSION = YES;
				CLANG_WARN_COMMA = YES;
				CLANG_WARN_CONSTANT_CONVERSION = YES;
				CLANG_WARN_DEPRECATED_OBJC_IMPLEMENTATIONS = YES;
				CLANG_WARN_DIRECT_OBJC_ISA_USAGE = YES_ERROR;
				CLANG_WARN_DOCUMENTATION_COMMENTS = YES;
				CLANG_WARN_EMPTY_BODY = YES;
				CLANG_WARN_ENUM_CONVERSION = YES;
				CLANG_WARN_INFINITE_RECURSION = YES;
				CLANG_WARN_INT_CONVERSION = YES;
				CLANG_WARN_NON_LITERAL_NULL_CONVERSION = YES;
				CLANG_WARN_OBJC_IMPLICIT_RETAIN_SELF = YES;
				CLANG_WARN_OBJC_LITERAL_CONVERSION = YES;
				CLANG_WARN_OBJC_ROOT_CLASS = YES_ERROR;
				CLANG_WARN_QUOTED_INCLUDE_IN_FRAMEWORK_HEADER = YES;
				CLANG_WARN_RANGE_LOOP_ANALYSIS = YES;
				CLANG_WARN_STRICT_PROTOTYPES = YES;
				CLANG_WARN_SUSPICIOUS_MOVE = YES;
				CLANG_WARN_UNGUARDED_AVAILABILITY = YES_AGGRESSIVE;
				CLANG_WARN_UNREACHABLE_CODE = YES;
				CLANG_WARN__DUPLICATE_METHOD_MATCH = YES;
				COPY_PHASE_STRIP = NO;
				DEBUG_INFORMATION_FORMAT = "dwarf-with-dsym";
				ENABLE_NS_ASSERTIONS = NO;
				ENABLE_STRICT_OBJC_MSGSEND = YES;
				GCC_C_LANGUAGE_STANDARD = gnu11;
				GCC_NO_COMMON_BLOCKS = YES;
				GCC_WARN_64_TO_32_BIT_CONVERSION = YES;
				GCC_WARN_ABOUT_RETURN_TYPE = YES_ERROR;
				GCC_WARN_UNDECLARED_SELECTOR = YES;
				GCC_WARN_UNINITIALIZED_AUTOS = YES_AGGRESSIVE;
				GCC_WARN_UNUSED_FUNCTION = YES;
				GCC_WARN_UNUSED_VARIABLE = YES;
				IPHONEOS_DEPLOYMENT_TARGET = 14.4;
				MTL_ENABLE_DEBUG_INFO = NO;
				MTL_FAST_MATH = YES;
				SDKROOT = iphoneos;
				SWIFT_COMPILATION_MODE = wholemodule;
				SWIFT_OPTIMIZATION_LEVEL = "-O";
				VALIDATE_PRODUCT = YES;
			};
			name = Release;
		};
		04CEE61225C959AA0094D105 /* Debug */ = {
			isa = XCBuildConfiguration;
			buildSettings = {
				ASSETCATALOG_COMPILER_APPICON_NAME = AppIcon;
				ASSETCATALOG_COMPILER_GLOBAL_ACCENT_COLOR_NAME = AccentColor;
				CODE_SIGN_STYLE = Automatic;
				INFOPLIST_FILE = Todo/Info.plist;
				LD_RUNPATH_SEARCH_PATHS = (
					"$(inherited)",
					"@executable_path/Frameworks",
				);
				PRODUCT_BUNDLE_IDENTIFIER = com.hwa.vb.Todo;
				PRODUCT_NAME = "$(TARGET_NAME)";
				SWIFT_VERSION = 5.0;
				TARGETED_DEVICE_FAMILY = "1,2";
			};
			name = Debug;
		};
		04CEE61325C959AA0094D105 /* Release */ = {
			isa = XCBuildConfiguration;
			buildSettings = {
				ASSETCATALOG_COMPILER_APPICON_NAME = AppIcon;
				ASSETCATALOG_COMPILER_GLOBAL_ACCENT_COLOR_NAME = AccentColor;
				CODE_SIGN_STYLE = Automatic;
				INFOPLIST_FILE = Todo/Info.plist;
				LD_RUNPATH_SEARCH_PATHS = (
					"$(inherited)",
					"@executable_path/Frameworks",
				);
				PRODUCT_BUNDLE_IDENTIFIER = com.hwa.vb.Todo;
				PRODUCT_NAME = "$(TARGET_NAME)";
				SWIFT_VERSION = 5.0;
				TARGETED_DEVICE_FAMILY = "1,2";
			};
			name = Release;
		};
		04CEE61525C959AA0094D105 /* Debug */ = {
			isa = XCBuildConfiguration;
			buildSettings = {
				ALWAYS_EMBED_SWIFT_STANDARD_LIBRARIES = YES;
				BUNDLE_LOADER = "$(TEST_HOST)";
				CODE_SIGN_STYLE = Automatic;
				INFOPLIST_FILE = TodoTests/Info.plist;
				IPHONEOS_DEPLOYMENT_TARGET = 14.4;
				LD_RUNPATH_SEARCH_PATHS = (
					"$(inherited)",
					"@executable_path/Frameworks",
					"@loader_path/Frameworks",
				);
				PRODUCT_BUNDLE_IDENTIFIER = com.hwa.vb.TodoTests;
				PRODUCT_NAME = "$(TARGET_NAME)";
				SWIFT_VERSION = 5.0;
				TARGETED_DEVICE_FAMILY = "1,2";
				TEST_HOST = "$(BUILT_PRODUCTS_DIR)/Todo.app/Todo";
			};
			name = Debug;
		};
		04CEE61625C959AA0094D105 /* Release */ = {
			isa = XCBuildConfiguration;
			buildSettings = {
				ALWAYS_EMBED_SWIFT_STANDARD_LIBRARIES = YES;
				BUNDLE_LOADER = "$(TEST_HOST)";
				CODE_SIGN_STYLE = Automatic;
				INFOPLIST_FILE = TodoTests/Info.plist;
				IPHONEOS_DEPLOYMENT_TARGET = 14.4;
				LD_RUNPATH_SEARCH_PATHS = (
					"$(inherited)",
					"@executable_path/Frameworks",
					"@loader_path/Frameworks",
				);
				PRODUCT_BUNDLE_IDENTIFIER = com.hwa.vb.TodoTests;
				PRODUCT_NAME = "$(TARGET_NAME)";
				SWIFT_VERSION = 5.0;
				TARGETED_DEVICE_FAMILY = "1,2";
				TEST_HOST = "$(BUILT_PRODUCTS_DIR)/Todo.app/Todo";
			};
			name = Release;
		};
		04CEE61825C959AA0094D105 /* Debug */ = {
			isa = XCBuildConfiguration;
			buildSettings = {
				ALWAYS_EMBED_SWIFT_STANDARD_LIBRARIES = YES;
				CODE_SIGN_STYLE = Automatic;
				INFOPLIST_FILE = TodoUITests/Info.plist;
				LD_RUNPATH_SEARCH_PATHS = (
					"$(inherited)",
					"@executable_path/Frameworks",
					"@loader_path/Frameworks",
				);
				PRODUCT_BUNDLE_IDENTIFIER = com.hwa.vb.TodoUITests;
				PRODUCT_NAME = "$(TARGET_NAME)";
				SWIFT_VERSION = 5.0;
				TARGETED_DEVICE_FAMILY = "1,2";
				TEST_TARGET_NAME = Todo;
			};
			name = Debug;
		};
		04CEE61925C959AA0094D105 /* Release */ = {
			isa = XCBuildConfiguration;
			buildSettings = {
				ALWAYS_EMBED_SWIFT_STANDARD_LIBRARIES = YES;
				CODE_SIGN_STYLE = Automatic;
				INFOPLIST_FILE = TodoUITests/Info.plist;
				LD_RUNPATH_SEARCH_PATHS = (
					"$(inherited)",
					"@executable_path/Frameworks",
					"@loader_path/Frameworks",
				);
				PRODUCT_BUNDLE_IDENTIFIER = com.hwa.vb.TodoUITests;
				PRODUCT_NAME = "$(TARGET_NAME)";
				SWIFT_VERSION = 5.0;
				TARGETED_DEVICE_FAMILY = "1,2";
				TEST_TARGET_NAME = Todo;
			};
			name = Release;
		};
/* End XCBuildConfiguration section */

/* Begin XCConfigurationList section */
		04CEE5E225C959A80094D105 /* Build configuration list for PBXProject "Todo" */ = {
			isa = XCConfigurationList;
			buildConfigurations = (
				04CEE60F25C959AA0094D105 /* Debug */,
				04CEE61025C959AA0094D105 /* Release */,
			);
			defaultConfigurationIsVisible = 0;
			defaultConfigurationName = Release;
		};
		04CEE61125C959AA0094D105 /* Build configuration list for PBXNativeTarget "Todo" */ = {
			isa = XCConfigurationList;
			buildConfigurations = (
				04CEE61225C959AA0094D105 /* Debug */,
				04CEE61325C959AA0094D105 /* Release */,
			);
			defaultConfigurationIsVisible = 0;
			defaultConfigurationName = Release;
		};
		04CEE61425C959AA0094D105 /* Build configuration list for PBXNativeTarget "TodoTests" */ = {
			isa = XCConfigurationList;
			buildConfigurations = (
				04CEE61525C959AA0094D105 /* Debug */,
				04CEE61625C959AA0094D105 /* Release */,
			);
			defaultConfigurationIsVisible = 0;
			defaultConfigurationName = Release;
		};
		04CEE61725C959AA0094D105 /* Build configuration list for PBXNativeTarget "TodoUITests" */ = {
			isa = XCConfigurationList;
			buildConfigurations = (
				04CEE61825C959AA0094D105 /* Debug */,
				04CEE61925C959AA0094D105 /* Release */,
			);
			defaultConfigurationIsVisible = 0;
			defaultConfigurationName = Release;
		};
/* End XCConfigurationList section */

/* Begin XCRemoteSwiftPackageReference section */
		04CEE69225C95B610094D105 /* XCRemoteSwiftPackageReference "Alamofire" */ = {
			isa = XCRemoteSwiftPackageReference;
			repositoryURL = "https://github.com/Alamofire/Alamofire.git";
			requirement = {
				kind = upToNextMajorVersion;
				minimumVersion = 5.4.1;
			};
		};
/* End XCRemoteSwiftPackageReference section */

/* Begin XCSwiftPackageProductDependency section */
		04CEE69325C95B610094D105 /* Alamofire */ = {
			isa = XCSwiftPackageProductDependency;
			package = 04CEE69225C95B610094D105 /* XCRemoteSwiftPackageReference "Alamofire" */;
			productName = Alamofire;
		};
/* End XCSwiftPackageProductDependency section */
	};
	rootObject = 04CEE5DF25C959A80094D105 /* Project object */;
}
